
Microsoft Visual Studio Solution File, Format Version 12.00
# Visual Studio Version 17
VisualStudioVersion = 17.0.31903.59
MinimumVisualStudioVersion = 10.0.40219.1
Project("{2150E333-8FDC-42A3-9474-1A3956D46DE8}") = "src", "src", "{827E0CD3-B72D-47B6-A68D-7590B98EB39B}"
EndProject
Project("{FAE04EC0-301F-11D3-BF4B-00C04F79EFBC}") = "Catga", "src\Catga\Catga.csproj", "{6025F2C9-F3CF-4175-9EF0-ED8ACED06C9D}"
EndProject
Project("{FAE04EC0-301F-11D3-BF4B-00C04F79EFBC}") = "Catga.InMemory", "src\Catga.InMemory\Catga.InMemory.csproj", "{48E4111A-E6EB-47A3-942A-942DE733B321}"
EndProject
Project("{FAE04EC0-301F-11D3-BF4B-00C04F79EFBC}") = "Catga.SourceGenerator", "src\Catga.SourceGenerator\Catga.SourceGenerator.csproj", "{305D6972-5E6D-4100-92C6-BA03186B1F70}"
EndProject
Project("{FAE04EC0-301F-11D3-BF4B-00C04F79EFBC}") = "Catga.Distributed", "src\Catga.Distributed\Catga.Distributed.csproj", "{7E3FC011-CE2D-4CDF-B69A-E53F44DA7D19}"
EndProject
Project("{FAE04EC0-301F-11D3-BF4B-00C04F79EFBC}") = "Catga.Distributed.Nats", "src\Catga.Distributed.Nats\Catga.Distributed.Nats.csproj", "{DEFE46DA-23B2-4712-A8AD-583E15B87F2E}"
EndProject
Project("{FAE04EC0-301F-11D3-BF4B-00C04F79EFBC}") = "Catga.Distributed.Redis", "src\Catga.Distributed.Redis\Catga.Distributed.Redis.csproj", "{65CDF9A9-D862-4667-A385-127FA7B5944D}"
EndProject
Project("{FAE04EC0-301F-11D3-BF4B-00C04F79EFBC}") = "Catga.Serialization.Json", "src\Catga.Serialization.Json\Catga.Serialization.Json.csproj", "{F5B49812-2098-4E9C-934D-3466C92AC487}"
EndProject
Project("{FAE04EC0-301F-11D3-BF4B-00C04F79EFBC}") = "Catga.Serialization.MemoryPack", "src\Catga.Serialization.MemoryPack\Catga.Serialization.MemoryPack.csproj", "{45B833A9-8A81-4569-B333-D518B1D742FF}"
EndProject
Project("{FAE04EC0-301F-11D3-BF4B-00C04F79EFBC}") = "Catga.Persistence.Redis", "src\Catga.Persistence.Redis\Catga.Persistence.Redis.csproj", "{C281D457-A6EF-4E65-A744-28CAC286FDA0}"
EndProject
Project("{FAE04EC0-301F-11D3-BF4B-00C04F79EFBC}") = "Catga.Transport.Nats", "src\Catga.Transport.Nats\Catga.Transport.Nats.csproj", "{ADCB9FAE-06B5-4BBD-87E9-2C1C921E2516}"
EndProject
Project("{FAE04EC0-301F-11D3-BF4B-00C04F79EFBC}") = "Catga.AspNetCore", "src\Catga.AspNetCore\Catga.AspNetCore.csproj", "{574CD4CB-BDD7-4F17-AF09-A49A298DD288}"
EndProject
Project("{2150E333-8FDC-42A3-9474-1A3956D46DE8}") = "examples", "examples", "{B36A84DF-456D-A817-6EDD-3EC3E7F6E11F}"
EndProject
Project("{FAE04EC0-301F-11D3-BF4B-00C04F79EFBC}") = "OrderSystem", "examples\OrderSystem\OrderSystem.csproj", "{5F7B0036-41D4-4C79-B372-AA2C2CCC002E}"
EndProject
Project("{FAE04EC0-301F-11D3-BF4B-00C04F79EFBC}") = "OrderSystem.AppHost", "examples\OrderSystem.AppHost\OrderSystem.AppHost.csproj", "{C4399611-D006-48FA-9148-7CEEF436861D}"
EndProject
Project("{FAE04EC0-301F-11D3-BF4B-00C04F79EFBC}") = "OrderSystem.ServiceDefaults", "examples\OrderSystem.ServiceDefaults\OrderSystem.ServiceDefaults.csproj", "{3EB63BA0-2F83-4198-83C9-6948072B0646}"
EndProject
Project("{2150E333-8FDC-42A3-9474-1A3956D46DE8}") = "tests", "tests", "{0AB3BF05-4346-4AA6-1389-037BE0695223}"
EndProject
Project("{FAE04EC0-301F-11D3-BF4B-00C04F79EFBC}") = "Catga.Tests", "tests\Catga.Tests\Catga.Tests.csproj", "{D9F285BC-8B2B-42C5-8B80-EEEC8B59D097}"
EndProject
Project("{2150E333-8FDC-42A3-9474-1A3956D46DE8}") = "benchmarks", "benchmarks", "{66320409-64EC-F7C5-3DEF-65E7510DAAD1}"
EndProject
Project("{FAE04EC0-301F-11D3-BF4B-00C04F79EFBC}") = "Catga.Benchmarks", "benchmarks\Catga.Benchmarks\Catga.Benchmarks.csproj", "{C48AE9F5-00B0-4788-8A60-64AF870AB704}"
EndProject
Global
	GlobalSection(SolutionConfigurationPlatforms) = preSolution
		Debug|Any CPU = Debug|Any CPU
		Release|Any CPU = Release|Any CPU
	EndGlobalSection
	GlobalSection(ProjectConfigurationPlatforms) = postSolution
		{6025F2C9-F3CF-4175-9EF0-ED8ACED06C9D}.Debug|Any CPU.ActiveCfg = Debug|Any CPU
		{6025F2C9-F3CF-4175-9EF0-ED8ACED06C9D}.Debug|Any CPU.Build.0 = Debug|Any CPU
		{6025F2C9-F3CF-4175-9EF0-ED8ACED06C9D}.Release|Any CPU.ActiveCfg = Release|Any CPU
		{6025F2C9-F3CF-4175-9EF0-ED8ACED06C9D}.Release|Any CPU.Build.0 = Release|Any CPU
		{48E4111A-E6EB-47A3-942A-942DE733B321}.Debug|Any CPU.ActiveCfg = Debug|Any CPU
		{48E4111A-E6EB-47A3-942A-942DE733B321}.Debug|Any CPU.Build.0 = Debug|Any CPU
		{48E4111A-E6EB-47A3-942A-942DE733B321}.Release|Any CPU.ActiveCfg = Release|Any CPU
		{48E4111A-E6EB-47A3-942A-942DE733B321}.Release|Any CPU.Build.0 = Release|Any CPU
		{305D6972-5E6D-4100-92C6-BA03186B1F70}.Debug|Any CPU.ActiveCfg = Debug|Any CPU
		{305D6972-5E6D-4100-92C6-BA03186B1F70}.Debug|Any CPU.Build.0 = Debug|Any CPU
		{305D6972-5E6D-4100-92C6-BA03186B1F70}.Release|Any CPU.ActiveCfg = Release|Any CPU
		{305D6972-5E6D-4100-92C6-BA03186B1F70}.Release|Any CPU.Build.0 = Release|Any CPU
		{7E3FC011-CE2D-4CDF-B69A-E53F44DA7D19}.Debug|Any CPU.ActiveCfg = Debug|Any CPU
		{7E3FC011-CE2D-4CDF-B69A-E53F44DA7D19}.Debug|Any CPU.Build.0 = Debug|Any CPU
		{7E3FC011-CE2D-4CDF-B69A-E53F44DA7D19}.Release|Any CPU.ActiveCfg = Release|Any CPU
		{7E3FC011-CE2D-4CDF-B69A-E53F44DA7D19}.Release|Any CPU.Build.0 = Release|Any CPU
		{DEFE46DA-23B2-4712-A8AD-583E15B87F2E}.Debug|Any CPU.ActiveCfg = Debug|Any CPU
		{DEFE46DA-23B2-4712-A8AD-583E15B87F2E}.Debug|Any CPU.Build.0 = Debug|Any CPU
		{DEFE46DA-23B2-4712-A8AD-583E15B87F2E}.Release|Any CPU.ActiveCfg = Release|Any CPU
		{DEFE46DA-23B2-4712-A8AD-583E15B87F2E}.Release|Any CPU.Build.0 = Release|Any CPU
		{65CDF9A9-D862-4667-A385-127FA7B5944D}.Debug|Any CPU.ActiveCfg = Debug|Any CPU
		{65CDF9A9-D862-4667-A385-127FA7B5944D}.Debug|Any CPU.Build.0 = Debug|Any CPU
		{65CDF9A9-D862-4667-A385-127FA7B5944D}.Release|Any CPU.ActiveCfg = Release|Any CPU
		{65CDF9A9-D862-4667-A385-127FA7B5944D}.Release|Any CPU.Build.0 = Release|Any CPU
		{F5B49812-2098-4E9C-934D-3466C92AC487}.Debug|Any CPU.ActiveCfg = Debug|Any CPU
		{F5B49812-2098-4E9C-934D-3466C92AC487}.Debug|Any CPU.Build.0 = Debug|Any CPU
		{F5B49812-2098-4E9C-934D-3466C92AC487}.Release|Any CPU.ActiveCfg = Release|Any CPU
		{F5B49812-2098-4E9C-934D-3466C92AC487}.Release|Any CPU.Build.0 = Release|Any CPU
		{45B833A9-8A81-4569-B333-D518B1D742FF}.Debug|Any CPU.ActiveCfg = Debug|Any CPU
		{45B833A9-8A81-4569-B333-D518B1D742FF}.Debug|Any CPU.Build.0 = Debug|Any CPU
		{45B833A9-8A81-4569-B333-D518B1D742FF}.Release|Any CPU.ActiveCfg = Release|Any CPU
		{45B833A9-8A81-4569-B333-D518B1D742FF}.Release|Any CPU.Build.0 = Release|Any CPU
		{C281D457-A6EF-4E65-A744-28CAC286FDA0}.Debug|Any CPU.ActiveCfg = Debug|Any CPU
		{C281D457-A6EF-4E65-A744-28CAC286FDA0}.Debug|Any CPU.Build.0 = Debug|Any CPU
		{C281D457-A6EF-4E65-A744-28CAC286FDA0}.Release|Any CPU.ActiveCfg = Release|Any CPU
		{C281D457-A6EF-4E65-A744-28CAC286FDA0}.Release|Any CPU.Build.0 = Release|Any CPU
		{ADCB9FAE-06B5-4BBD-87E9-2C1C921E2516}.Debug|Any CPU.ActiveCfg = Debug|Any CPU
		{ADCB9FAE-06B5-4BBD-87E9-2C1C921E2516}.Debug|Any CPU.Build.0 = Debug|Any CPU
		{ADCB9FAE-06B5-4BBD-87E9-2C1C921E2516}.Release|Any CPU.ActiveCfg = Release|Any CPU
		{ADCB9FAE-06B5-4BBD-87E9-2C1C921E2516}.Release|Any CPU.Build.0 = Release|Any CPU
		{574CD4CB-BDD7-4F17-AF09-A49A298DD288}.Debug|Any CPU.ActiveCfg = Debug|Any CPU
		{574CD4CB-BDD7-4F17-AF09-A49A298DD288}.Debug|Any CPU.Build.0 = Debug|Any CPU
		{574CD4CB-BDD7-4F17-AF09-A49A298DD288}.Release|Any CPU.ActiveCfg = Release|Any CPU
		{574CD4CB-BDD7-4F17-AF09-A49A298DD288}.Release|Any CPU.Build.0 = Release|Any CPU
		{5F7B0036-41D4-4C79-B372-AA2C2CCC002E}.Debug|Any CPU.ActiveCfg = Debug|Any CPU
		{5F7B0036-41D4-4C79-B372-AA2C2CCC002E}.Debug|Any CPU.Build.0 = Debug|Any CPU
		{5F7B0036-41D4-4C79-B372-AA2C2CCC002E}.Release|Any CPU.ActiveCfg = Release|Any CPU
		{5F7B0036-41D4-4C79-B372-AA2C2CCC002E}.Release|Any CPU.Build.0 = Release|Any CPU
		{C4399611-D006-48FA-9148-7CEEF436861D}.Debug|Any CPU.ActiveCfg = Debug|Any CPU
		{C4399611-D006-48FA-9148-7CEEF436861D}.Debug|Any CPU.Build.0 = Debug|Any CPU
		{C4399611-D006-48FA-9148-7CEEF436861D}.Release|Any CPU.ActiveCfg = Release|Any CPU
		{C4399611-D006-48FA-9148-7CEEF436861D}.Release|Any CPU.Build.0 = Release|Any CPU
		{3EB63BA0-2F83-4198-83C9-6948072B0646}.Debug|Any CPU.ActiveCfg = Debug|Any CPU
		{3EB63BA0-2F83-4198-83C9-6948072B0646}.Debug|Any CPU.Build.0 = Debug|Any CPU
		{3EB63BA0-2F83-4198-83C9-6948072B0646}.Release|Any CPU.ActiveCfg = Release|Any CPU
		{3EB63BA0-2F83-4198-83C9-6948072B0646}.Release|Any CPU.Build.0 = Release|Any CPU
		{D9F285BC-8B2B-42C5-8B80-EEEC8B59D097}.Debug|Any CPU.ActiveCfg = Debug|Any CPU
		{D9F285BC-8B2B-42C5-8B80-EEEC8B59D097}.Debug|Any CPU.Build.0 = Debug|Any CPU
		{D9F285BC-8B2B-42C5-8B80-EEEC8B59D097}.Release|Any CPU.ActiveCfg = Release|Any CPU
		{D9F285BC-8B2B-42C5-8B80-EEEC8B59D097}.Release|Any CPU.Build.0 = Release|Any CPU
		{C48AE9F5-00B0-4788-8A60-64AF870AB704}.Debug|Any CPU.ActiveCfg = Debug|Any CPU
		{C48AE9F5-00B0-4788-8A60-64AF870AB704}.Debug|Any CPU.Build.0 = Debug|Any CPU
		{C48AE9F5-00B0-4788-8A60-64AF870AB704}.Release|Any CPU.ActiveCfg = Release|Any CPU
		{C48AE9F5-00B0-4788-8A60-64AF870AB704}.Release|Any CPU.Build.0 = Release|Any CPU
	EndGlobalSection
	GlobalSection(SolutionProperties) = preSolution
		HideSolutionNode = FALSE
	EndGlobalSection
	GlobalSection(NestedProjects) = preSolution
		{6025F2C9-F3CF-4175-9EF0-ED8ACED06C9D} = {827E0CD3-B72D-47B6-A68D-7590B98EB39B}
		{48E4111A-E6EB-47A3-942A-942DE733B321} = {827E0CD3-B72D-47B6-A68D-7590B98EB39B}
		{305D6972-5E6D-4100-92C6-BA03186B1F70} = {827E0CD3-B72D-47B6-A68D-7590B98EB39B}
		{7E3FC011-CE2D-4CDF-B69A-E53F44DA7D19} = {827E0CD3-B72D-47B6-A68D-7590B98EB39B}
		{DEFE46DA-23B2-4712-A8AD-583E15B87F2E} = {827E0CD3-B72D-47B6-A68D-7590B98EB39B}
		{65CDF9A9-D862-4667-A385-127FA7B5944D} = {827E0CD3-B72D-47B6-A68D-7590B98EB39B}
		{F5B49812-2098-4E9C-934D-3466C92AC487} = {827E0CD3-B72D-47B6-A68D-7590B98EB39B}
		{45B833A9-8A81-4569-B333-D518B1D742FF} = {827E0CD3-B72D-47B6-A68D-7590B98EB39B}
		{C281D457-A6EF-4E65-A744-28CAC286FDA0} = {827E0CD3-B72D-47B6-A68D-7590B98EB39B}
		{ADCB9FAE-06B5-4BBD-87E9-2C1C921E2516} = {827E0CD3-B72D-47B6-A68D-7590B98EB39B}
		{574CD4CB-BDD7-4F17-AF09-A49A298DD288} = {827E0CD3-B72D-47B6-A68D-7590B98EB39B}
		{5F7B0036-41D4-4C79-B372-AA2C2CCC002E} = {B36A84DF-456D-A817-6EDD-3EC3E7F6E11F}
		{C4399611-D006-48FA-9148-7CEEF436861D} = {B36A84DF-456D-A817-6EDD-3EC3E7F6E11F}
		{3EB63BA0-2F83-4198-83C9-6948072B0646} = {B36A84DF-456D-A817-6EDD-3EC3E7F6E11F}
		{D9F285BC-8B2B-42C5-8B80-EEEC8B59D097} = {0AB3BF05-4346-4AA6-1389-037BE0695223}
		{C48AE9F5-00B0-4788-8A60-64AF870AB704} = {66320409-64EC-F7C5-3DEF-65E7510DAAD1}
	EndGlobalSection
	GlobalSection(ExtensibilityGlobals) = postSolution
		SolutionGuid = {FE4B4C78-FA31-44CA-83FA-52FC7FAFF911}
	EndGlobalSection
EndGlobal
