
Microsoft Visual Studio Solution File, Format Version 12.00
# Visual Studio Version 17
VisualStudioVersion = 17.0.31903.59
MinimumVisualStudioVersion = 10.0.40219.1
Project("{2150E333-8FDC-42A3-9474-1A3956D46DE8}") = "src", "src", "{827E0CD3-B72D-47B6-A68D-7590B98EB39B}"
EndProject
Project("{FAE04EC0-301F-11D3-BF4B-00C04F79EFBC}") = "Catga", "src\Catga\Catga.csproj", "{6025F2C9-F3CF-4175-9EF0-ED8ACED06C9D}"
EndProject
Project("{FAE04EC0-301F-11D3-BF4B-00C04F79EFBC}") = "Catga.SourceGenerator", "src\Catga.SourceGenerator\Catga.SourceGenerator.csproj", "{305D6972-5E6D-4100-92C6-BA03186B1F70}"
EndProject
Project("{FAE04EC0-301F-11D3-BF4B-00C04F79EFBC}") = "Catga.Serialization.MemoryPack", "src\Catga.Serialization.MemoryPack\Catga.Serialization.MemoryPack.csproj", "{45B833A9-8A81-4569-B333-D518B1D742FF}"
EndProject
Project("{FAE04EC0-301F-11D3-BF4B-00C04F79EFBC}") = "Catga.Persistence.Redis", "src\Catga.Persistence.Redis\Catga.Persistence.Redis.csproj", "{C281D457-A6EF-4E65-A744-28CAC286FDA0}"
EndProject
Project("{FAE04EC0-301F-11D3-BF4B-00C04F79EFBC}") = "Catga.Transport.Nats", "src\Catga.Transport.Nats\Catga.Transport.Nats.csproj", "{ADCB9FAE-06B5-4BBD-87E9-2C1C921E2516}"
EndProject
Project("{FAE04EC0-301F-11D3-BF4B-00C04F79EFBC}") = "Catga.AspNetCore", "src\Catga.AspNetCore\Catga.AspNetCore.csproj", "{574CD4CB-BDD7-4F17-AF09-A49A298DD288}"
EndProject
Project("{2150E333-8FDC-42A3-9474-1A3956D46DE8}") = "tests", "tests", "{0AB3BF05-4346-4AA6-1389-037BE0695223}"
EndProject
Project("{FAE04EC0-301F-11D3-BF4B-00C04F79EFBC}") = "Catga.Tests", "tests\Catga.Tests\Catga.Tests.csproj", "{D9F285BC-8B2B-42C5-8B80-EEEC8B59D097}"
EndProject
Project("{2150E333-8FDC-42A3-9474-1A3956D46DE8}") = "benchmarks", "benchmarks", "{66320409-64EC-F7C5-3DEF-65E7510DAAD1}"
EndProject
Project("{FAE04EC0-301F-11D3-BF4B-00C04F79EFBC}") = "Catga.Benchmarks", "benchmarks\Catga.Benchmarks\Catga.Benchmarks.csproj", "{C48AE9F5-00B0-4788-8A60-64AF870AB704}"
EndProject
Project("{FAE04EC0-301F-11D3-BF4B-00C04F79EFBC}") = "Catga.Transport.InMemory", "src\Catga.Transport.InMemory\Catga.Transport.InMemory.csproj", "{9C59F123-E2AC-45E6-85C1-E846982A4337}"
EndProject
Project("{FAE04EC0-301F-11D3-BF4B-00C04F79EFBC}") = "Catga.Persistence.InMemory", "src\Catga.Persistence.InMemory\Catga.Persistence.InMemory.csproj", "{8B979797-F89D-4FDB-86C0-9FC91F35243B}"
EndProject
Project("{FAE04EC0-301F-11D3-BF4B-00C04F79EFBC}") = "Catga.Transport.Redis", "src\Catga.Transport.Redis\Catga.Transport.Redis.csproj", "{1C57CAA9-B47A-4B04-982C-380C43CDC360}"
EndProject
Project("{FAE04EC0-301F-11D3-BF4B-00C04F79EFBC}") = "Catga.Persistence.Nats", "src\Catga.Persistence.Nats\Catga.Persistence.Nats.csproj", "{36ACD296-7E96-4771-B406-253CA8EDD9AA}"
EndProject
Project("{FAE04EC0-301F-11D3-BF4B-00C04F79EFBC}") = "Catga.Cluster", "src\Catga.Cluster\Catga.Cluster.csproj", "{6F544F99-B558-4909-BCBE-791FB9E11F56}"
EndProject
Project("{FAE04EC0-301F-11D3-BF4B-00C04F79EFBC}") = "Catga.Scheduling.Quartz", "src\Catga.Scheduling.Quartz\Catga.Scheduling.Quartz.csproj", "{C916CF4C-AAD0-4D06-A8D0-21782A62DE1C}"
EndProject
Project("{FAE04EC0-301F-11D3-BF4B-00C04F79EFBC}") = "Catga.Scheduling.Hangfire", "src\Catga.Scheduling.Hangfire\Catga.Scheduling.Hangfire.csproj", "{1B54E535-DB9F-416D-B7F7-9A37A53E3381}"
EndProject
Project("{FAE04EC0-301F-11D3-BF4B-00C04F79EFBC}") = "Catga.AotValidation", "tests\Catga.AotValidation\Catga.AotValidation.csproj", "{D15B5218-DFA1-454D-8129-365AED70862F}"
EndProject
Project("{2150E333-8FDC-42A3-9474-1A3956D46DE8}") = "examples", "examples", "{B36A84DF-456D-A817-6EDD-3EC3E7F6E11F}"
EndProject
Project("{FAE04EC0-301F-11D3-BF4B-00C04F79EFBC}") = "OrderSystem", "examples\OrderSystem\OrderSystem.csproj", "{76E3B3BB-102F-4DC4-8B60-E34E2FE238D9}"
EndProject
Global
	GlobalSection(SolutionConfigurationPlatforms) = preSolution
		Debug|Any CPU = Debug|Any CPU
		Debug|x64 = Debug|x64
		Debug|x86 = Debug|x86
		Release|Any CPU = Release|Any CPU
		Release|x64 = Release|x64
		Release|x86 = Release|x86
	EndGlobalSection
	GlobalSection(ProjectConfigurationPlatforms) = postSolution
		{6025F2C9-F3CF-4175-9EF0-ED8ACED06C9D}.Debug|Any CPU.ActiveCfg = Debug|Any CPU
		{6025F2C9-F3CF-4175-9EF0-ED8ACED06C9D}.Debug|Any CPU.Build.0 = Debug|Any CPU
		{6025F2C9-F3CF-4175-9EF0-ED8ACED06C9D}.Debug|x64.ActiveCfg = Debug|Any CPU
		{6025F2C9-F3CF-4175-9EF0-ED8ACED06C9D}.Debug|x64.Build.0 = Debug|Any CPU
		{6025F2C9-F3CF-4175-9EF0-ED8ACED06C9D}.Debug|x86.ActiveCfg = Debug|Any CPU
		{6025F2C9-F3CF-4175-9EF0-ED8ACED06C9D}.Debug|x86.Build.0 = Debug|Any CPU
		{6025F2C9-F3CF-4175-9EF0-ED8ACED06C9D}.Release|Any CPU.ActiveCfg = Release|Any CPU
		{6025F2C9-F3CF-4175-9EF0-ED8ACED06C9D}.Release|Any CPU.Build.0 = Release|Any CPU
		{6025F2C9-F3CF-4175-9EF0-ED8ACED06C9D}.Release|x64.ActiveCfg = Release|Any CPU
		{6025F2C9-F3CF-4175-9EF0-ED8ACED06C9D}.Release|x64.Build.0 = Release|Any CPU
		{6025F2C9-F3CF-4175-9EF0-ED8ACED06C9D}.Release|x86.ActiveCfg = Release|Any CPU
		{6025F2C9-F3CF-4175-9EF0-ED8ACED06C9D}.Release|x86.Build.0 = Release|Any CPU
		{305D6972-5E6D-4100-92C6-BA03186B1F70}.Debug|Any CPU.ActiveCfg = Debug|Any CPU
		{305D6972-5E6D-4100-92C6-BA03186B1F70}.Debug|Any CPU.Build.0 = Debug|Any CPU
		{305D6972-5E6D-4100-92C6-BA03186B1F70}.Debug|x64.ActiveCfg = Debug|Any CPU
		{305D6972-5E6D-4100-92C6-BA03186B1F70}.Debug|x64.Build.0 = Debug|Any CPU
		{305D6972-5E6D-4100-92C6-BA03186B1F70}.Debug|x86.ActiveCfg = Debug|Any CPU
		{305D6972-5E6D-4100-92C6-BA03186B1F70}.Debug|x86.Build.0 = Debug|Any CPU
		{305D6972-5E6D-4100-92C6-BA03186B1F70}.Release|Any CPU.ActiveCfg = Release|Any CPU
		{305D6972-5E6D-4100-92C6-BA03186B1F70}.Release|Any CPU.Build.0 = Release|Any CPU
		{305D6972-5E6D-4100-92C6-BA03186B1F70}.Release|x64.ActiveCfg = Release|Any CPU
		{305D6972-5E6D-4100-92C6-BA03186B1F70}.Release|x64.Build.0 = Release|Any CPU
		{305D6972-5E6D-4100-92C6-BA03186B1F70}.Release|x86.ActiveCfg = Release|Any CPU
		{305D6972-5E6D-4100-92C6-BA03186B1F70}.Release|x86.Build.0 = Release|Any CPU
		{45B833A9-8A81-4569-B333-D518B1D742FF}.Debug|Any CPU.ActiveCfg = Debug|Any CPU
		{45B833A9-8A81-4569-B333-D518B1D742FF}.Debug|Any CPU.Build.0 = Debug|Any CPU
		{45B833A9-8A81-4569-B333-D518B1D742FF}.Debug|x64.ActiveCfg = Debug|Any CPU
		{45B833A9-8A81-4569-B333-D518B1D742FF}.Debug|x64.Build.0 = Debug|Any CPU
		{45B833A9-8A81-4569-B333-D518B1D742FF}.Debug|x86.ActiveCfg = Debug|Any CPU
		{45B833A9-8A81-4569-B333-D518B1D742FF}.Debug|x86.Build.0 = Debug|Any CPU
		{45B833A9-8A81-4569-B333-D518B1D742FF}.Release|Any CPU.ActiveCfg = Release|Any CPU
		{45B833A9-8A81-4569-B333-D518B1D742FF}.Release|Any CPU.Build.0 = Release|Any CPU
		{45B833A9-8A81-4569-B333-D518B1D742FF}.Release|x64.ActiveCfg = Release|Any CPU
		{45B833A9-8A81-4569-B333-D518B1D742FF}.Release|x64.Build.0 = Release|Any CPU
		{45B833A9-8A81-4569-B333-D518B1D742FF}.Release|x86.ActiveCfg = Release|Any CPU
		{45B833A9-8A81-4569-B333-D518B1D742FF}.Release|x86.Build.0 = Release|Any CPU
		{C281D457-A6EF-4E65-A744-28CAC286FDA0}.Debug|Any CPU.ActiveCfg = Debug|Any CPU
		{C281D457-A6EF-4E65-A744-28CAC286FDA0}.Debug|Any CPU.Build.0 = Debug|Any CPU
		{C281D457-A6EF-4E65-A744-28CAC286FDA0}.Debug|x64.ActiveCfg = Debug|Any CPU
		{C281D457-A6EF-4E65-A744-28CAC286FDA0}.Debug|x64.Build.0 = Debug|Any CPU
		{C281D457-A6EF-4E65-A744-28CAC286FDA0}.Debug|x86.ActiveCfg = Debug|Any CPU
		{C281D457-A6EF-4E65-A744-28CAC286FDA0}.Debug|x86.Build.0 = Debug|Any CPU
		{C281D457-A6EF-4E65-A744-28CAC286FDA0}.Release|Any CPU.ActiveCfg = Release|Any CPU
		{C281D457-A6EF-4E65-A744-28CAC286FDA0}.Release|Any CPU.Build.0 = Release|Any CPU
		{C281D457-A6EF-4E65-A744-28CAC286FDA0}.Release|x64.ActiveCfg = Release|Any CPU
		{C281D457-A6EF-4E65-A744-28CAC286FDA0}.Release|x64.Build.0 = Release|Any CPU
		{C281D457-A6EF-4E65-A744-28CAC286FDA0}.Release|x86.ActiveCfg = Release|Any CPU
		{C281D457-A6EF-4E65-A744-28CAC286FDA0}.Release|x86.Build.0 = Release|Any CPU
		{ADCB9FAE-06B5-4BBD-87E9-2C1C921E2516}.Debug|Any CPU.ActiveCfg = Debug|Any CPU
		{ADCB9FAE-06B5-4BBD-87E9-2C1C921E2516}.Debug|Any CPU.Build.0 = Debug|Any CPU
		{ADCB9FAE-06B5-4BBD-87E9-2C1C921E2516}.Debug|x64.ActiveCfg = Debug|Any CPU
		{ADCB9FAE-06B5-4BBD-87E9-2C1C921E2516}.Debug|x64.Build.0 = Debug|Any CPU
		{ADCB9FAE-06B5-4BBD-87E9-2C1C921E2516}.Debug|x86.ActiveCfg = Debug|Any CPU
		{ADCB9FAE-06B5-4BBD-87E9-2C1C921E2516}.Debug|x86.Build.0 = Debug|Any CPU
		{ADCB9FAE-06B5-4BBD-87E9-2C1C921E2516}.Release|Any CPU.ActiveCfg = Release|Any CPU
		{ADCB9FAE-06B5-4BBD-87E9-2C1C921E2516}.Release|Any CPU.Build.0 = Release|Any CPU
		{ADCB9FAE-06B5-4BBD-87E9-2C1C921E2516}.Release|x64.ActiveCfg = Release|Any CPU
		{ADCB9FAE-06B5-4BBD-87E9-2C1C921E2516}.Release|x64.Build.0 = Release|Any CPU
		{ADCB9FAE-06B5-4BBD-87E9-2C1C921E2516}.Release|x86.ActiveCfg = Release|Any CPU
		{ADCB9FAE-06B5-4BBD-87E9-2C1C921E2516}.Release|x86.Build.0 = Release|Any CPU
		{574CD4CB-BDD7-4F17-AF09-A49A298DD288}.Debug|Any CPU.ActiveCfg = Debug|Any CPU
		{574CD4CB-BDD7-4F17-AF09-A49A298DD288}.Debug|Any CPU.Build.0 = Debug|Any CPU
		{574CD4CB-BDD7-4F17-AF09-A49A298DD288}.Debug|x64.ActiveCfg = Debug|Any CPU
		{574CD4CB-BDD7-4F17-AF09-A49A298DD288}.Debug|x64.Build.0 = Debug|Any CPU
		{574CD4CB-BDD7-4F17-AF09-A49A298DD288}.Debug|x86.ActiveCfg = Debug|Any CPU
		{574CD4CB-BDD7-4F17-AF09-A49A298DD288}.Debug|x86.Build.0 = Debug|Any CPU
		{574CD4CB-BDD7-4F17-AF09-A49A298DD288}.Release|Any CPU.ActiveCfg = Release|Any CPU
		{574CD4CB-BDD7-4F17-AF09-A49A298DD288}.Release|Any CPU.Build.0 = Release|Any CPU
		{574CD4CB-BDD7-4F17-AF09-A49A298DD288}.Release|x64.ActiveCfg = Release|Any CPU
		{574CD4CB-BDD7-4F17-AF09-A49A298DD288}.Release|x64.Build.0 = Release|Any CPU
		{574CD4CB-BDD7-4F17-AF09-A49A298DD288}.Release|x86.ActiveCfg = Release|Any CPU
		{574CD4CB-BDD7-4F17-AF09-A49A298DD288}.Release|x86.Build.0 = Release|Any CPU
		{D9F285BC-8B2B-42C5-8B80-EEEC8B59D097}.Debug|Any CPU.ActiveCfg = Debug|Any CPU
		{D9F285BC-8B2B-42C5-8B80-EEEC8B59D097}.Debug|Any CPU.Build.0 = Debug|Any CPU
		{D9F285BC-8B2B-42C5-8B80-EEEC8B59D097}.Debug|x64.ActiveCfg = Debug|Any CPU
		{D9F285BC-8B2B-42C5-8B80-EEEC8B59D097}.Debug|x64.Build.0 = Debug|Any CPU
		{D9F285BC-8B2B-42C5-8B80-EEEC8B59D097}.Debug|x86.ActiveCfg = Debug|Any CPU
		{D9F285BC-8B2B-42C5-8B80-EEEC8B59D097}.Debug|x86.Build.0 = Debug|Any CPU
		{D9F285BC-8B2B-42C5-8B80-EEEC8B59D097}.Release|Any CPU.ActiveCfg = Release|Any CPU
		{D9F285BC-8B2B-42C5-8B80-EEEC8B59D097}.Release|Any CPU.Build.0 = Release|Any CPU
		{D9F285BC-8B2B-42C5-8B80-EEEC8B59D097}.Release|x64.ActiveCfg = Release|x64
		{D9F285BC-8B2B-42C5-8B80-EEEC8B59D097}.Release|x64.Build.0 = Release|x64
		{D9F285BC-8B2B-42C5-8B80-EEEC8B59D097}.Release|x86.ActiveCfg = Release|Any CPU
		{D9F285BC-8B2B-42C5-8B80-EEEC8B59D097}.Release|x86.Build.0 = Release|Any CPU
		{C48AE9F5-00B0-4788-8A60-64AF870AB704}.Debug|Any CPU.ActiveCfg = Debug|Any CPU
		{C48AE9F5-00B0-4788-8A60-64AF870AB704}.Debug|Any CPU.Build.0 = Debug|Any CPU
		{C48AE9F5-00B0-4788-8A60-64AF870AB704}.Debug|x64.ActiveCfg = Debug|Any CPU
		{C48AE9F5-00B0-4788-8A60-64AF870AB704}.Debug|x64.Build.0 = Debug|Any CPU
		{C48AE9F5-00B0-4788-8A60-64AF870AB704}.Debug|x86.ActiveCfg = Debug|Any CPU
		{C48AE9F5-00B0-4788-8A60-64AF870AB704}.Debug|x86.Build.0 = Debug|Any CPU
		{C48AE9F5-00B0-4788-8A60-64AF870AB704}.Release|Any CPU.ActiveCfg = Release|Any CPU
		{C48AE9F5-00B0-4788-8A60-64AF870AB704}.Release|Any CPU.Build.0 = Release|Any CPU
		{C48AE9F5-00B0-4788-8A60-64AF870AB704}.Release|x64.ActiveCfg = Release|Any CPU
		{C48AE9F5-00B0-4788-8A60-64AF870AB704}.Release|x64.Build.0 = Release|Any CPU
		{C48AE9F5-00B0-4788-8A60-64AF870AB704}.Release|x86.ActiveCfg = Release|Any CPU
		{C48AE9F5-00B0-4788-8A60-64AF870AB704}.Release|x86.Build.0 = Release|Any CPU
		{9C59F123-E2AC-45E6-85C1-E846982A4337}.Debug|Any CPU.ActiveCfg = Debug|Any CPU
		{9C59F123-E2AC-45E6-85C1-E846982A4337}.Debug|Any CPU.Build.0 = Debug|Any CPU
		{9C59F123-E2AC-45E6-85C1-E846982A4337}.Debug|x64.ActiveCfg = Debug|Any CPU
		{9C59F123-E2AC-45E6-85C1-E846982A4337}.Debug|x64.Build.0 = Debug|Any CPU
		{9C59F123-E2AC-45E6-85C1-E846982A4337}.Debug|x86.ActiveCfg = Debug|Any CPU
		{9C59F123-E2AC-45E6-85C1-E846982A4337}.Debug|x86.Build.0 = Debug|Any CPU
		{9C59F123-E2AC-45E6-85C1-E846982A4337}.Release|Any CPU.ActiveCfg = Release|Any CPU
		{9C59F123-E2AC-45E6-85C1-E846982A4337}.Release|Any CPU.Build.0 = Release|Any CPU
		{9C59F123-E2AC-45E6-85C1-E846982A4337}.Release|x64.ActiveCfg = Release|Any CPU
		{9C59F123-E2AC-45E6-85C1-E846982A4337}.Release|x64.Build.0 = Release|Any CPU
		{9C59F123-E2AC-45E6-85C1-E846982A4337}.Release|x86.ActiveCfg = Release|Any CPU
		{9C59F123-E2AC-45E6-85C1-E846982A4337}.Release|x86.Build.0 = Release|Any CPU
		{8B979797-F89D-4FDB-86C0-9FC91F35243B}.Debug|Any CPU.ActiveCfg = Debug|Any CPU
		{8B979797-F89D-4FDB-86C0-9FC91F35243B}.Debug|Any CPU.Build.0 = Debug|Any CPU
		{8B979797-F89D-4FDB-86C0-9FC91F35243B}.Debug|x64.ActiveCfg = Debug|Any CPU
		{8B979797-F89D-4FDB-86C0-9FC91F35243B}.Debug|x64.Build.0 = Debug|Any CPU
		{8B979797-F89D-4FDB-86C0-9FC91F35243B}.Debug|x86.ActiveCfg = Debug|Any CPU
		{8B979797-F89D-4FDB-86C0-9FC91F35243B}.Debug|x86.Build.0 = Debug|Any CPU
		{8B979797-F89D-4FDB-86C0-9FC91F35243B}.Release|Any CPU.ActiveCfg = Release|Any CPU
		{8B979797-F89D-4FDB-86C0-9FC91F35243B}.Release|Any CPU.Build.0 = Release|Any CPU
		{8B979797-F89D-4FDB-86C0-9FC91F35243B}.Release|x64.ActiveCfg = Release|Any CPU
		{8B979797-F89D-4FDB-86C0-9FC91F35243B}.Release|x64.Build.0 = Release|Any CPU
		{8B979797-F89D-4FDB-86C0-9FC91F35243B}.Release|x86.ActiveCfg = Release|Any CPU
		{8B979797-F89D-4FDB-86C0-9FC91F35243B}.Release|x86.Build.0 = Release|Any CPU
		{1C57CAA9-B47A-4B04-982C-380C43CDC360}.Debug|Any CPU.ActiveCfg = Debug|Any CPU
		{1C57CAA9-B47A-4B04-982C-380C43CDC360}.Debug|Any CPU.Build.0 = Debug|Any CPU
		{1C57CAA9-B47A-4B04-982C-380C43CDC360}.Debug|x64.ActiveCfg = Debug|Any CPU
		{1C57CAA9-B47A-4B04-982C-380C43CDC360}.Debug|x64.Build.0 = Debug|Any CPU
		{1C57CAA9-B47A-4B04-982C-380C43CDC360}.Debug|x86.ActiveCfg = Debug|Any CPU
		{1C57CAA9-B47A-4B04-982C-380C43CDC360}.Debug|x86.Build.0 = Debug|Any CPU
		{1C57CAA9-B47A-4B04-982C-380C43CDC360}.Release|Any CPU.ActiveCfg = Release|Any CPU
		{1C57CAA9-B47A-4B04-982C-380C43CDC360}.Release|Any CPU.Build.0 = Release|Any CPU
		{1C57CAA9-B47A-4B04-982C-380C43CDC360}.Release|x64.ActiveCfg = Release|Any CPU
		{1C57CAA9-B47A-4B04-982C-380C43CDC360}.Release|x64.Build.0 = Release|Any CPU
		{1C57CAA9-B47A-4B04-982C-380C43CDC360}.Release|x86.ActiveCfg = Release|Any CPU
		{1C57CAA9-B47A-4B04-982C-380C43CDC360}.Release|x86.Build.0 = Release|Any CPU
		{36ACD296-7E96-4771-B406-253CA8EDD9AA}.Debug|Any CPU.ActiveCfg = Debug|Any CPU
		{36ACD296-7E96-4771-B406-253CA8EDD9AA}.Debug|Any CPU.Build.0 = Debug|Any CPU
		{36ACD296-7E96-4771-B406-253CA8EDD9AA}.Debug|x64.ActiveCfg = Debug|Any CPU
		{36ACD296-7E96-4771-B406-253CA8EDD9AA}.Debug|x64.Build.0 = Debug|Any CPU
		{36ACD296-7E96-4771-B406-253CA8EDD9AA}.Debug|x86.ActiveCfg = Debug|Any CPU
		{36ACD296-7E96-4771-B406-253CA8EDD9AA}.Debug|x86.Build.0 = Debug|Any CPU
		{36ACD296-7E96-4771-B406-253CA8EDD9AA}.Release|Any CPU.ActiveCfg = Release|Any CPU
		{36ACD296-7E96-4771-B406-253CA8EDD9AA}.Release|Any CPU.Build.0 = Release|Any CPU
		{36ACD296-7E96-4771-B406-253CA8EDD9AA}.Release|x64.ActiveCfg = Release|Any CPU
		{36ACD296-7E96-4771-B406-253CA8EDD9AA}.Release|x64.Build.0 = Release|Any CPU
		{36ACD296-7E96-4771-B406-253CA8EDD9AA}.Release|x86.ActiveCfg = Release|Any CPU
		{36ACD296-7E96-4771-B406-253CA8EDD9AA}.Release|x86.Build.0 = Release|Any CPU
		{6F544F99-B558-4909-BCBE-791FB9E11F56}.Debug|Any CPU.ActiveCfg = Debug|Any CPU
		{6F544F99-B558-4909-BCBE-791FB9E11F56}.Debug|Any CPU.Build.0 = Debug|Any CPU
		{6F544F99-B558-4909-BCBE-791FB9E11F56}.Debug|x64.ActiveCfg = Debug|Any CPU
		{6F544F99-B558-4909-BCBE-791FB9E11F56}.Debug|x64.Build.0 = Debug|Any CPU
		{6F544F99-B558-4909-BCBE-791FB9E11F56}.Debug|x86.ActiveCfg = Debug|Any CPU
		{6F544F99-B558-4909-BCBE-791FB9E11F56}.Debug|x86.Build.0 = Debug|Any CPU
		{6F544F99-B558-4909-BCBE-791FB9E11F56}.Release|Any CPU.ActiveCfg = Release|Any CPU
		{6F544F99-B558-4909-BCBE-791FB9E11F56}.Release|Any CPU.Build.0 = Release|Any CPU
		{6F544F99-B558-4909-BCBE-791FB9E11F56}.Release|x64.ActiveCfg = Release|Any CPU
		{6F544F99-B558-4909-BCBE-791FB9E11F56}.Release|x64.Build.0 = Release|Any CPU
		{6F544F99-B558-4909-BCBE-791FB9E11F56}.Release|x86.ActiveCfg = Release|Any CPU
		{6F544F99-B558-4909-BCBE-791FB9E11F56}.Release|x86.Build.0 = Release|Any CPU
		{C916CF4C-AAD0-4D06-A8D0-21782A62DE1C}.Debug|Any CPU.ActiveCfg = Debug|Any CPU
		{C916CF4C-AAD0-4D06-A8D0-21782A62DE1C}.Debug|Any CPU.Build.0 = Debug|Any CPU
		{C916CF4C-AAD0-4D06-A8D0-21782A62DE1C}.Debug|x64.ActiveCfg = Debug|Any CPU
		{C916CF4C-AAD0-4D06-A8D0-21782A62DE1C}.Debug|x64.Build.0 = Debug|Any CPU
		{C916CF4C-AAD0-4D06-A8D0-21782A62DE1C}.Debug|x86.ActiveCfg = Debug|Any CPU
		{C916CF4C-AAD0-4D06-A8D0-21782A62DE1C}.Debug|x86.Build.0 = Debug|Any CPU
		{C916CF4C-AAD0-4D06-A8D0-21782A62DE1C}.Release|Any CPU.ActiveCfg = Release|Any CPU
		{C916CF4C-AAD0-4D06-A8D0-21782A62DE1C}.Release|Any CPU.Build.0 = Release|Any CPU
		{C916CF4C-AAD0-4D06-A8D0-21782A62DE1C}.Release|x64.ActiveCfg = Release|Any CPU
		{C916CF4C-AAD0-4D06-A8D0-21782A62DE1C}.Release|x64.Build.0 = Release|Any CPU
		{C916CF4C-AAD0-4D06-A8D0-21782A62DE1C}.Release|x86.ActiveCfg = Release|Any CPU
		{C916CF4C-AAD0-4D06-A8D0-21782A62DE1C}.Release|x86.Build.0 = Release|Any CPU
		{1B54E535-DB9F-416D-B7F7-9A37A53E3381}.Debug|Any CPU.ActiveCfg = Debug|Any CPU
		{1B54E535-DB9F-416D-B7F7-9A37A53E3381}.Debug|Any CPU.Build.0 = Debug|Any CPU
		{1B54E535-DB9F-416D-B7F7-9A37A53E3381}.Debug|x64.ActiveCfg = Debug|Any CPU
		{1B54E535-DB9F-416D-B7F7-9A37A53E3381}.Debug|x64.Build.0 = Debug|Any CPU
		{1B54E535-DB9F-416D-B7F7-9A37A53E3381}.Debug|x86.ActiveCfg = Debug|Any CPU
		{1B54E535-DB9F-416D-B7F7-9A37A53E3381}.Debug|x86.Build.0 = Debug|Any CPU
		{1B54E535-DB9F-416D-B7F7-9A37A53E3381}.Release|Any CPU.ActiveCfg = Release|Any CPU
		{1B54E535-DB9F-416D-B7F7-9A37A53E3381}.Release|Any CPU.Build.0 = Release|Any CPU
		{1B54E535-DB9F-416D-B7F7-9A37A53E3381}.Release|x64.ActiveCfg = Release|Any CPU
		{1B54E535-DB9F-416D-B7F7-9A37A53E3381}.Release|x64.Build.0 = Release|Any CPU
		{1B54E535-DB9F-416D-B7F7-9A37A53E3381}.Release|x86.ActiveCfg = Release|Any CPU
		{1B54E535-DB9F-416D-B7F7-9A37A53E3381}.Release|x86.Build.0 = Release|Any CPU
		{D15B5218-DFA1-454D-8129-365AED70862F}.Debug|Any CPU.ActiveCfg = Debug|Any CPU
		{D15B5218-DFA1-454D-8129-365AED70862F}.Debug|Any CPU.Build.0 = Debug|Any CPU
		{D15B5218-DFA1-454D-8129-365AED70862F}.Debug|x64.ActiveCfg = Debug|Any CPU
		{D15B5218-DFA1-454D-8129-365AED70862F}.Debug|x64.Build.0 = Debug|Any CPU
		{D15B5218-DFA1-454D-8129-365AED70862F}.Debug|x86.ActiveCfg = Debug|Any CPU
		{D15B5218-DFA1-454D-8129-365AED70862F}.Debug|x86.Build.0 = Debug|Any CPU
		{D15B5218-DFA1-454D-8129-365AED70862F}.Release|Any CPU.ActiveCfg = Release|Any CPU
		{D15B5218-DFA1-454D-8129-365AED70862F}.Release|Any CPU.Build.0 = Release|Any CPU
		{D15B5218-DFA1-454D-8129-365AED70862F}.Release|x64.ActiveCfg = Release|Any CPU
		{D15B5218-DFA1-454D-8129-365AED70862F}.Release|x64.Build.0 = Release|Any CPU
		{D15B5218-DFA1-454D-8129-365AED70862F}.Release|x86.ActiveCfg = Release|Any CPU
		{D15B5218-DFA1-454D-8129-365AED70862F}.Release|x86.Build.0 = Release|Any CPU
		{76E3B3BB-102F-4DC4-8B60-E34E2FE238D9}.Debug|Any CPU.ActiveCfg = Debug|Any CPU
		{76E3B3BB-102F-4DC4-8B60-E34E2FE238D9}.Debug|Any CPU.Build.0 = Debug|Any CPU
		{76E3B3BB-102F-4DC4-8B60-E34E2FE238D9}.Debug|x64.ActiveCfg = Debug|Any CPU
		{76E3B3BB-102F-4DC4-8B60-E34E2FE238D9}.Debug|x64.Build.0 = Debug|Any CPU
		{76E3B3BB-102F-4DC4-8B60-E34E2FE238D9}.Debug|x86.ActiveCfg = Debug|Any CPU
		{76E3B3BB-102F-4DC4-8B60-E34E2FE238D9}.Debug|x86.Build.0 = Debug|Any CPU
		{76E3B3BB-102F-4DC4-8B60-E34E2FE238D9}.Release|Any CPU.ActiveCfg = Release|Any CPU
		{76E3B3BB-102F-4DC4-8B60-E34E2FE238D9}.Release|Any CPU.Build.0 = Release|Any CPU
		{76E3B3BB-102F-4DC4-8B60-E34E2FE238D9}.Release|x64.ActiveCfg = Release|Any CPU
		{76E3B3BB-102F-4DC4-8B60-E34E2FE238D9}.Release|x64.Build.0 = Release|Any CPU
		{76E3B3BB-102F-4DC4-8B60-E34E2FE238D9}.Release|x86.ActiveCfg = Release|Any CPU
		{76E3B3BB-102F-4DC4-8B60-E34E2FE238D9}.Release|x86.Build.0 = Release|Any CPU
	EndGlobalSection
	GlobalSection(SolutionProperties) = preSolution
		HideSolutionNode = FALSE
	EndGlobalSection
	GlobalSection(NestedProjects) = preSolution
		{6025F2C9-F3CF-4175-9EF0-ED8ACED06C9D} = {827E0CD3-B72D-47B6-A68D-7590B98EB39B}
		{305D6972-5E6D-4100-92C6-BA03186B1F70} = {827E0CD3-B72D-47B6-A68D-7590B98EB39B}
		{C281D457-A6EF-4E65-A744-28CAC286FDA0} = {827E0CD3-B72D-47B6-A68D-7590B98EB39B}
		{ADCB9FAE-06B5-4BBD-87E9-2C1C921E2516} = {827E0CD3-B72D-47B6-A68D-7590B98EB39B}
		{574CD4CB-BDD7-4F17-AF09-A49A298DD288} = {827E0CD3-B72D-47B6-A68D-7590B98EB39B}
		{D9F285BC-8B2B-42C5-8B80-EEEC8B59D097} = {0AB3BF05-4346-4AA6-1389-037BE0695223}
		{C48AE9F5-00B0-4788-8A60-64AF870AB704} = {66320409-64EC-F7C5-3DEF-65E7510DAAD1}
		{9C59F123-E2AC-45E6-85C1-E846982A4337} = {827E0CD3-B72D-47B6-A68D-7590B98EB39B}
		{8B979797-F89D-4FDB-86C0-9FC91F35243B} = {827E0CD3-B72D-47B6-A68D-7590B98EB39B}
		{1C57CAA9-B47A-4B04-982C-380C43CDC360} = {827E0CD3-B72D-47B6-A68D-7590B98EB39B}
		{36ACD296-7E96-4771-B406-253CA8EDD9AA} = {827E0CD3-B72D-47B6-A68D-7590B98EB39B}
		{6F544F99-B558-4909-BCBE-791FB9E11F56} = {827E0CD3-B72D-47B6-A68D-7590B98EB39B}
		{C916CF4C-AAD0-4D06-A8D0-21782A62DE1C} = {827E0CD3-B72D-47B6-A68D-7590B98EB39B}
		{1B54E535-DB9F-416D-B7F7-9A37A53E3381} = {827E0CD3-B72D-47B6-A68D-7590B98EB39B}
		{D15B5218-DFA1-454D-8129-365AED70862F} = {0AB3BF05-4346-4AA6-1389-037BE0695223}
		{76E3B3BB-102F-4DC4-8B60-E34E2FE238D9} = {B36A84DF-456D-A817-6EDD-3EC3E7F6E11F}
	EndGlobalSection
	GlobalSection(ExtensibilityGlobals) = postSolution
		SolutionGuid = {FE4B4C78-FA31-44CA-83FA-52FC7FAFF911}
	EndGlobalSection
EndGlobal
