
Microsoft Visual Studio Solution File, Format Version 12.00
# Visual Studio Version 17
VisualStudioVersion = 17.0.31903.59
MinimumVisualStudioVersion = 10.0.40219.1
Project("{2150E333-8FDC-42A3-9474-1A3956D46DE8}") = "src", "src", "{827E0CD3-B72D-47B6-A68D-7590B98EB39B}"
EndProject
Project("{FAE04EC0-301F-11D3-BF4B-00C04F79EFBC}") = "Catga", "src\Catga\Catga.csproj", "{0AE2C097-1BFC-4F03-A72C-857D71CF7567}"
EndProject
Project("{2150E333-8FDC-42A3-9474-1A3956D46DE8}") = "benchmarks", "benchmarks", "{66320409-64EC-F7C5-3DEF-65E7510DAAD1}"
EndProject
Project("{FAE04EC0-301F-11D3-BF4B-00C04F79EFBC}") = "Catga.Benchmarks", "benchmarks\Catga.Benchmarks\Catga.Benchmarks.csproj", "{965B134E-B4A7-4C12-B9CE-6C0D32D62652}"
EndProject
Project("{2150E333-8FDC-42A3-9474-1A3956D46DE8}") = "tests", "tests", "{0AB3BF05-4346-4AA6-1389-037BE0695223}"
EndProject
Project("{FAE04EC0-301F-11D3-BF4B-00C04F79EFBC}") = "Catga.Tests", "tests\Catga.Tests\Catga.Tests.csproj", "{C8261D14-5A5A-4B1A-A257-B07262546B5D}"
EndProject
Project("{FAE04EC0-301F-11D3-BF4B-00C04F79EFBC}") = "Catga.Serialization.Json", "src\Catga.Serialization.Json\Catga.Serialization.Json.csproj", "{3828FCD0-0D1C-4458-AD8D-900BC1228260}"
EndProject
Project("{FAE04EC0-301F-11D3-BF4B-00C04F79EFBC}") = "Catga.Serialization.MemoryPack", "src\Catga.Serialization.MemoryPack\Catga.Serialization.MemoryPack.csproj", "{E040AC50-6F26-46C1-848C-1221671D608C}"
EndProject
Project("{FAE04EC0-301F-11D3-BF4B-00C04F79EFBC}") = "Catga.ServiceDiscovery.Kubernetes", "src\Catga.ServiceDiscovery.Kubernetes\Catga.ServiceDiscovery.Kubernetes.csproj", "{6BA2F7D0-A388-47F7-80D5-C94B4DC54272}"
EndProject
Project("{FAE04EC0-301F-11D3-BF4B-00C04F79EFBC}") = "Catga.Persistence.Redis", "src\Catga.Persistence.Redis\Catga.Persistence.Redis.csproj", "{EF0A9EE9-1E2E-424D-94DA-70C3D43E2705}"
EndProject
Project("{FAE04EC0-301F-11D3-BF4B-00C04F79EFBC}") = "Catga.Transport.Nats", "src\Catga.Transport.Nats\Catga.Transport.Nats.csproj", "{C1CCD894-A965-47C5-9A38-FEF35D7E64A6}"
EndProject
Project("{FAE04EC0-301F-11D3-BF4B-00C04F79EFBC}") = "Catga.SourceGenerator", "src\Catga.SourceGenerator\Catga.SourceGenerator.csproj", "{1E2D8668-7BBA-4640-92E7-7148CC5CFB84}"
EndProject
Project("{FAE04EC0-301F-11D3-BF4B-00C04F79EFBC}") = "Catga.Analyzers", "src\Catga.Analyzers\Catga.Analyzers.csproj", "{8737BBD5-E818-4CA8-B76B-487F4D5521BB}"
EndProject
Project("{2150E333-8FDC-42A3-9474-1A3956D46DE8}") = "examples", "examples", "{B36A84DF-456D-A817-6EDD-3EC3E7F6E11F}"
EndProject
Project("{FAE04EC0-301F-11D3-BF4B-00C04F79EFBC}") = "SimpleWebApi", "examples\SimpleWebApi\SimpleWebApi.csproj", "{F1B20C14-60DF-4BB9-8C36-B56215E7BDB8}"
EndProject
Project("{FAE04EC0-301F-11D3-BF4B-00C04F79EFBC}") = "DistributedCluster", "examples\DistributedCluster\DistributedCluster.csproj", "{B2511CEC-E37D-4548-BB87-EA3DE297ADF0}"
EndProject
Project("{2150E333-8FDC-42A3-9474-1A3956D46DE8}") = "AotDemo", "AotDemo", "{08F926C0-3F5D-DB3C-68E1-F13BB216E9B0}"
EndProject
Project("{FAE04EC0-301F-11D3-BF4B-00C04F79EFBC}") = "AotDemo", "examples\AotDemo\AotDemo\AotDemo.csproj", "{0EF53078-2782-485E-A6A5-8A8B928B9ADC}"
EndProject
Project("{FAE04EC0-301F-11D3-BF4B-00C04F79EFBC}") = "Catga.InMemory", "src\Catga.InMemory\Catga.InMemory.csproj", "{D1033602-0D6B-4020-9DB8-095D686703BB}"
EndProject
Project("{FAE04EC0-301F-11D3-BF4B-00C04F79EFBC}") = "RedisExample", "examples\RedisExample\RedisExample.csproj", "{447381FD-DF9E-415C-AC8C-9035358E5F0E}"
EndProject
Global
	GlobalSection(SolutionConfigurationPlatforms) = preSolution
		Debug|Any CPU = Debug|Any CPU
		Debug|x64 = Debug|x64
		Debug|x86 = Debug|x86
		Release|Any CPU = Release|Any CPU
		Release|x64 = Release|x64
		Release|x86 = Release|x86
	EndGlobalSection
	GlobalSection(ProjectConfigurationPlatforms) = postSolution
		{0AE2C097-1BFC-4F03-A72C-857D71CF7567}.Debug|Any CPU.ActiveCfg = Debug|Any CPU
		{0AE2C097-1BFC-4F03-A72C-857D71CF7567}.Debug|Any CPU.Build.0 = Debug|Any CPU
		{0AE2C097-1BFC-4F03-A72C-857D71CF7567}.Debug|x64.ActiveCfg = Debug|Any CPU
		{0AE2C097-1BFC-4F03-A72C-857D71CF7567}.Debug|x64.Build.0 = Debug|Any CPU
		{0AE2C097-1BFC-4F03-A72C-857D71CF7567}.Debug|x86.ActiveCfg = Debug|Any CPU
		{0AE2C097-1BFC-4F03-A72C-857D71CF7567}.Debug|x86.Build.0 = Debug|Any CPU
		{0AE2C097-1BFC-4F03-A72C-857D71CF7567}.Release|Any CPU.ActiveCfg = Release|Any CPU
		{0AE2C097-1BFC-4F03-A72C-857D71CF7567}.Release|Any CPU.Build.0 = Release|Any CPU
		{0AE2C097-1BFC-4F03-A72C-857D71CF7567}.Release|x64.ActiveCfg = Release|Any CPU
		{0AE2C097-1BFC-4F03-A72C-857D71CF7567}.Release|x64.Build.0 = Release|Any CPU
		{0AE2C097-1BFC-4F03-A72C-857D71CF7567}.Release|x86.ActiveCfg = Release|Any CPU
		{0AE2C097-1BFC-4F03-A72C-857D71CF7567}.Release|x86.Build.0 = Release|Any CPU
		{965B134E-B4A7-4C12-B9CE-6C0D32D62652}.Debug|Any CPU.ActiveCfg = Debug|Any CPU
		{965B134E-B4A7-4C12-B9CE-6C0D32D62652}.Debug|Any CPU.Build.0 = Debug|Any CPU
		{965B134E-B4A7-4C12-B9CE-6C0D32D62652}.Debug|x64.ActiveCfg = Debug|Any CPU
		{965B134E-B4A7-4C12-B9CE-6C0D32D62652}.Debug|x64.Build.0 = Debug|Any CPU
		{965B134E-B4A7-4C12-B9CE-6C0D32D62652}.Debug|x86.ActiveCfg = Debug|Any CPU
		{965B134E-B4A7-4C12-B9CE-6C0D32D62652}.Debug|x86.Build.0 = Debug|Any CPU
		{965B134E-B4A7-4C12-B9CE-6C0D32D62652}.Release|Any CPU.ActiveCfg = Release|Any CPU
		{965B134E-B4A7-4C12-B9CE-6C0D32D62652}.Release|Any CPU.Build.0 = Release|Any CPU
		{965B134E-B4A7-4C12-B9CE-6C0D32D62652}.Release|x64.ActiveCfg = Release|Any CPU
		{965B134E-B4A7-4C12-B9CE-6C0D32D62652}.Release|x64.Build.0 = Release|Any CPU
		{965B134E-B4A7-4C12-B9CE-6C0D32D62652}.Release|x86.ActiveCfg = Release|Any CPU
		{965B134E-B4A7-4C12-B9CE-6C0D32D62652}.Release|x86.Build.0 = Release|Any CPU
		{C8261D14-5A5A-4B1A-A257-B07262546B5D}.Debug|Any CPU.ActiveCfg = Debug|Any CPU
		{C8261D14-5A5A-4B1A-A257-B07262546B5D}.Debug|Any CPU.Build.0 = Debug|Any CPU
		{C8261D14-5A5A-4B1A-A257-B07262546B5D}.Debug|x64.ActiveCfg = Debug|Any CPU
		{C8261D14-5A5A-4B1A-A257-B07262546B5D}.Debug|x64.Build.0 = Debug|Any CPU
		{C8261D14-5A5A-4B1A-A257-B07262546B5D}.Debug|x86.ActiveCfg = Debug|Any CPU
		{C8261D14-5A5A-4B1A-A257-B07262546B5D}.Debug|x86.Build.0 = Debug|Any CPU
		{C8261D14-5A5A-4B1A-A257-B07262546B5D}.Release|Any CPU.ActiveCfg = Release|Any CPU
		{C8261D14-5A5A-4B1A-A257-B07262546B5D}.Release|Any CPU.Build.0 = Release|Any CPU
		{C8261D14-5A5A-4B1A-A257-B07262546B5D}.Release|x64.ActiveCfg = Release|Any CPU
		{C8261D14-5A5A-4B1A-A257-B07262546B5D}.Release|x64.Build.0 = Release|Any CPU
		{C8261D14-5A5A-4B1A-A257-B07262546B5D}.Release|x86.ActiveCfg = Release|Any CPU
		{C8261D14-5A5A-4B1A-A257-B07262546B5D}.Release|x86.Build.0 = Release|Any CPU
		{3828FCD0-0D1C-4458-AD8D-900BC1228260}.Debug|Any CPU.ActiveCfg = Debug|Any CPU
		{3828FCD0-0D1C-4458-AD8D-900BC1228260}.Debug|Any CPU.Build.0 = Debug|Any CPU
		{3828FCD0-0D1C-4458-AD8D-900BC1228260}.Debug|x64.ActiveCfg = Debug|Any CPU
		{3828FCD0-0D1C-4458-AD8D-900BC1228260}.Debug|x64.Build.0 = Debug|Any CPU
		{3828FCD0-0D1C-4458-AD8D-900BC1228260}.Debug|x86.ActiveCfg = Debug|Any CPU
		{3828FCD0-0D1C-4458-AD8D-900BC1228260}.Debug|x86.Build.0 = Debug|Any CPU
		{3828FCD0-0D1C-4458-AD8D-900BC1228260}.Release|Any CPU.ActiveCfg = Release|Any CPU
		{3828FCD0-0D1C-4458-AD8D-900BC1228260}.Release|Any CPU.Build.0 = Release|Any CPU
		{3828FCD0-0D1C-4458-AD8D-900BC1228260}.Release|x64.ActiveCfg = Release|Any CPU
		{3828FCD0-0D1C-4458-AD8D-900BC1228260}.Release|x64.Build.0 = Release|Any CPU
		{3828FCD0-0D1C-4458-AD8D-900BC1228260}.Release|x86.ActiveCfg = Release|Any CPU
		{3828FCD0-0D1C-4458-AD8D-900BC1228260}.Release|x86.Build.0 = Release|Any CPU
		{E040AC50-6F26-46C1-848C-1221671D608C}.Debug|Any CPU.ActiveCfg = Debug|Any CPU
		{E040AC50-6F26-46C1-848C-1221671D608C}.Debug|Any CPU.Build.0 = Debug|Any CPU
		{E040AC50-6F26-46C1-848C-1221671D608C}.Debug|x64.ActiveCfg = Debug|Any CPU
		{E040AC50-6F26-46C1-848C-1221671D608C}.Debug|x64.Build.0 = Debug|Any CPU
		{E040AC50-6F26-46C1-848C-1221671D608C}.Debug|x86.ActiveCfg = Debug|Any CPU
		{E040AC50-6F26-46C1-848C-1221671D608C}.Debug|x86.Build.0 = Debug|Any CPU
		{E040AC50-6F26-46C1-848C-1221671D608C}.Release|Any CPU.ActiveCfg = Release|Any CPU
		{E040AC50-6F26-46C1-848C-1221671D608C}.Release|Any CPU.Build.0 = Release|Any CPU
		{E040AC50-6F26-46C1-848C-1221671D608C}.Release|x64.ActiveCfg = Release|Any CPU
		{E040AC50-6F26-46C1-848C-1221671D608C}.Release|x64.Build.0 = Release|Any CPU
		{E040AC50-6F26-46C1-848C-1221671D608C}.Release|x86.ActiveCfg = Release|Any CPU
		{E040AC50-6F26-46C1-848C-1221671D608C}.Release|x86.Build.0 = Release|Any CPU
		{6BA2F7D0-A388-47F7-80D5-C94B4DC54272}.Debug|Any CPU.ActiveCfg = Debug|Any CPU
		{6BA2F7D0-A388-47F7-80D5-C94B4DC54272}.Debug|Any CPU.Build.0 = Debug|Any CPU
		{6BA2F7D0-A388-47F7-80D5-C94B4DC54272}.Debug|x64.ActiveCfg = Debug|Any CPU
		{6BA2F7D0-A388-47F7-80D5-C94B4DC54272}.Debug|x64.Build.0 = Debug|Any CPU
		{6BA2F7D0-A388-47F7-80D5-C94B4DC54272}.Debug|x86.ActiveCfg = Debug|Any CPU
		{6BA2F7D0-A388-47F7-80D5-C94B4DC54272}.Debug|x86.Build.0 = Debug|Any CPU
		{6BA2F7D0-A388-47F7-80D5-C94B4DC54272}.Release|Any CPU.ActiveCfg = Release|Any CPU
		{6BA2F7D0-A388-47F7-80D5-C94B4DC54272}.Release|Any CPU.Build.0 = Release|Any CPU
		{6BA2F7D0-A388-47F7-80D5-C94B4DC54272}.Release|x64.ActiveCfg = Release|Any CPU
		{6BA2F7D0-A388-47F7-80D5-C94B4DC54272}.Release|x64.Build.0 = Release|Any CPU
		{6BA2F7D0-A388-47F7-80D5-C94B4DC54272}.Release|x86.ActiveCfg = Release|Any CPU
		{6BA2F7D0-A388-47F7-80D5-C94B4DC54272}.Release|x86.Build.0 = Release|Any CPU
		{EF0A9EE9-1E2E-424D-94DA-70C3D43E2705}.Debug|Any CPU.ActiveCfg = Debug|Any CPU
		{EF0A9EE9-1E2E-424D-94DA-70C3D43E2705}.Debug|Any CPU.Build.0 = Debug|Any CPU
		{EF0A9EE9-1E2E-424D-94DA-70C3D43E2705}.Debug|x64.ActiveCfg = Debug|Any CPU
		{EF0A9EE9-1E2E-424D-94DA-70C3D43E2705}.Debug|x64.Build.0 = Debug|Any CPU
		{EF0A9EE9-1E2E-424D-94DA-70C3D43E2705}.Debug|x86.ActiveCfg = Debug|Any CPU
		{EF0A9EE9-1E2E-424D-94DA-70C3D43E2705}.Debug|x86.Build.0 = Debug|Any CPU
		{EF0A9EE9-1E2E-424D-94DA-70C3D43E2705}.Release|Any CPU.ActiveCfg = Release|Any CPU
		{EF0A9EE9-1E2E-424D-94DA-70C3D43E2705}.Release|Any CPU.Build.0 = Release|Any CPU
		{EF0A9EE9-1E2E-424D-94DA-70C3D43E2705}.Release|x64.ActiveCfg = Release|Any CPU
		{EF0A9EE9-1E2E-424D-94DA-70C3D43E2705}.Release|x64.Build.0 = Release|Any CPU
		{EF0A9EE9-1E2E-424D-94DA-70C3D43E2705}.Release|x86.ActiveCfg = Release|Any CPU
		{EF0A9EE9-1E2E-424D-94DA-70C3D43E2705}.Release|x86.Build.0 = Release|Any CPU
		{C1CCD894-A965-47C5-9A38-FEF35D7E64A6}.Debug|Any CPU.ActiveCfg = Debug|Any CPU
		{C1CCD894-A965-47C5-9A38-FEF35D7E64A6}.Debug|Any CPU.Build.0 = Debug|Any CPU
		{C1CCD894-A965-47C5-9A38-FEF35D7E64A6}.Debug|x64.ActiveCfg = Debug|Any CPU
		{C1CCD894-A965-47C5-9A38-FEF35D7E64A6}.Debug|x64.Build.0 = Debug|Any CPU
		{C1CCD894-A965-47C5-9A38-FEF35D7E64A6}.Debug|x86.ActiveCfg = Debug|Any CPU
		{C1CCD894-A965-47C5-9A38-FEF35D7E64A6}.Debug|x86.Build.0 = Debug|Any CPU
		{C1CCD894-A965-47C5-9A38-FEF35D7E64A6}.Release|Any CPU.ActiveCfg = Release|Any CPU
		{C1CCD894-A965-47C5-9A38-FEF35D7E64A6}.Release|Any CPU.Build.0 = Release|Any CPU
		{C1CCD894-A965-47C5-9A38-FEF35D7E64A6}.Release|x64.ActiveCfg = Release|Any CPU
		{C1CCD894-A965-47C5-9A38-FEF35D7E64A6}.Release|x64.Build.0 = Release|Any CPU
		{C1CCD894-A965-47C5-9A38-FEF35D7E64A6}.Release|x86.ActiveCfg = Release|Any CPU
		{C1CCD894-A965-47C5-9A38-FEF35D7E64A6}.Release|x86.Build.0 = Release|Any CPU
		{1E2D8668-7BBA-4640-92E7-7148CC5CFB84}.Debug|Any CPU.ActiveCfg = Debug|Any CPU
		{1E2D8668-7BBA-4640-92E7-7148CC5CFB84}.Debug|Any CPU.Build.0 = Debug|Any CPU
		{1E2D8668-7BBA-4640-92E7-7148CC5CFB84}.Debug|x64.ActiveCfg = Debug|Any CPU
		{1E2D8668-7BBA-4640-92E7-7148CC5CFB84}.Debug|x64.Build.0 = Debug|Any CPU
		{1E2D8668-7BBA-4640-92E7-7148CC5CFB84}.Debug|x86.ActiveCfg = Debug|Any CPU
		{1E2D8668-7BBA-4640-92E7-7148CC5CFB84}.Debug|x86.Build.0 = Debug|Any CPU
		{1E2D8668-7BBA-4640-92E7-7148CC5CFB84}.Release|Any CPU.ActiveCfg = Release|Any CPU
		{1E2D8668-7BBA-4640-92E7-7148CC5CFB84}.Release|Any CPU.Build.0 = Release|Any CPU
		{1E2D8668-7BBA-4640-92E7-7148CC5CFB84}.Release|x64.ActiveCfg = Release|Any CPU
		{1E2D8668-7BBA-4640-92E7-7148CC5CFB84}.Release|x64.Build.0 = Release|Any CPU
		{1E2D8668-7BBA-4640-92E7-7148CC5CFB84}.Release|x86.ActiveCfg = Release|Any CPU
		{1E2D8668-7BBA-4640-92E7-7148CC5CFB84}.Release|x86.Build.0 = Release|Any CPU
		{8737BBD5-E818-4CA8-B76B-487F4D5521BB}.Debug|Any CPU.ActiveCfg = Debug|Any CPU
		{8737BBD5-E818-4CA8-B76B-487F4D5521BB}.Debug|Any CPU.Build.0 = Debug|Any CPU
		{8737BBD5-E818-4CA8-B76B-487F4D5521BB}.Debug|x64.ActiveCfg = Debug|Any CPU
		{8737BBD5-E818-4CA8-B76B-487F4D5521BB}.Debug|x64.Build.0 = Debug|Any CPU
		{8737BBD5-E818-4CA8-B76B-487F4D5521BB}.Debug|x86.ActiveCfg = Debug|Any CPU
		{8737BBD5-E818-4CA8-B76B-487F4D5521BB}.Debug|x86.Build.0 = Debug|Any CPU
		{8737BBD5-E818-4CA8-B76B-487F4D5521BB}.Release|Any CPU.ActiveCfg = Release|Any CPU
		{8737BBD5-E818-4CA8-B76B-487F4D5521BB}.Release|Any CPU.Build.0 = Release|Any CPU
		{8737BBD5-E818-4CA8-B76B-487F4D5521BB}.Release|x64.ActiveCfg = Release|Any CPU
		{8737BBD5-E818-4CA8-B76B-487F4D5521BB}.Release|x64.Build.0 = Release|Any CPU
		{8737BBD5-E818-4CA8-B76B-487F4D5521BB}.Release|x86.ActiveCfg = Release|Any CPU
		{8737BBD5-E818-4CA8-B76B-487F4D5521BB}.Release|x86.Build.0 = Release|Any CPU
		{F1B20C14-60DF-4BB9-8C36-B56215E7BDB8}.Debug|Any CPU.ActiveCfg = Debug|Any CPU
		{F1B20C14-60DF-4BB9-8C36-B56215E7BDB8}.Debug|Any CPU.Build.0 = Debug|Any CPU
		{F1B20C14-60DF-4BB9-8C36-B56215E7BDB8}.Debug|x64.ActiveCfg = Debug|Any CPU
		{F1B20C14-60DF-4BB9-8C36-B56215E7BDB8}.Debug|x64.Build.0 = Debug|Any CPU
		{F1B20C14-60DF-4BB9-8C36-B56215E7BDB8}.Debug|x86.ActiveCfg = Debug|Any CPU
		{F1B20C14-60DF-4BB9-8C36-B56215E7BDB8}.Debug|x86.Build.0 = Debug|Any CPU
		{F1B20C14-60DF-4BB9-8C36-B56215E7BDB8}.Release|Any CPU.ActiveCfg = Release|Any CPU
		{F1B20C14-60DF-4BB9-8C36-B56215E7BDB8}.Release|Any CPU.Build.0 = Release|Any CPU
		{F1B20C14-60DF-4BB9-8C36-B56215E7BDB8}.Release|x64.ActiveCfg = Release|Any CPU
		{F1B20C14-60DF-4BB9-8C36-B56215E7BDB8}.Release|x64.Build.0 = Release|Any CPU
		{F1B20C14-60DF-4BB9-8C36-B56215E7BDB8}.Release|x86.ActiveCfg = Release|Any CPU
		{F1B20C14-60DF-4BB9-8C36-B56215E7BDB8}.Release|x86.Build.0 = Release|Any CPU
		{B2511CEC-E37D-4548-BB87-EA3DE297ADF0}.Debug|Any CPU.ActiveCfg = Debug|Any CPU
		{B2511CEC-E37D-4548-BB87-EA3DE297ADF0}.Debug|Any CPU.Build.0 = Debug|Any CPU
		{B2511CEC-E37D-4548-BB87-EA3DE297ADF0}.Debug|x64.ActiveCfg = Debug|Any CPU
		{B2511CEC-E37D-4548-BB87-EA3DE297ADF0}.Debug|x64.Build.0 = Debug|Any CPU
		{B2511CEC-E37D-4548-BB87-EA3DE297ADF0}.Debug|x86.ActiveCfg = Debug|Any CPU
		{B2511CEC-E37D-4548-BB87-EA3DE297ADF0}.Debug|x86.Build.0 = Debug|Any CPU
		{B2511CEC-E37D-4548-BB87-EA3DE297ADF0}.Release|Any CPU.ActiveCfg = Release|Any CPU
		{B2511CEC-E37D-4548-BB87-EA3DE297ADF0}.Release|Any CPU.Build.0 = Release|Any CPU
		{B2511CEC-E37D-4548-BB87-EA3DE297ADF0}.Release|x64.ActiveCfg = Release|Any CPU
		{B2511CEC-E37D-4548-BB87-EA3DE297ADF0}.Release|x64.Build.0 = Release|Any CPU
		{B2511CEC-E37D-4548-BB87-EA3DE297ADF0}.Release|x86.ActiveCfg = Release|Any CPU
		{B2511CEC-E37D-4548-BB87-EA3DE297ADF0}.Release|x86.Build.0 = Release|Any CPU
		{0EF53078-2782-485E-A6A5-8A8B928B9ADC}.Debug|Any CPU.ActiveCfg = Debug|Any CPU
		{0EF53078-2782-485E-A6A5-8A8B928B9ADC}.Debug|Any CPU.Build.0 = Debug|Any CPU
		{0EF53078-2782-485E-A6A5-8A8B928B9ADC}.Debug|x64.ActiveCfg = Debug|Any CPU
		{0EF53078-2782-485E-A6A5-8A8B928B9ADC}.Debug|x64.Build.0 = Debug|Any CPU
		{0EF53078-2782-485E-A6A5-8A8B928B9ADC}.Debug|x86.ActiveCfg = Debug|Any CPU
		{0EF53078-2782-485E-A6A5-8A8B928B9ADC}.Debug|x86.Build.0 = Debug|Any CPU
		{0EF53078-2782-485E-A6A5-8A8B928B9ADC}.Release|Any CPU.ActiveCfg = Release|Any CPU
		{0EF53078-2782-485E-A6A5-8A8B928B9ADC}.Release|Any CPU.Build.0 = Release|Any CPU
		{0EF53078-2782-485E-A6A5-8A8B928B9ADC}.Release|x64.ActiveCfg = Release|Any CPU
		{0EF53078-2782-485E-A6A5-8A8B928B9ADC}.Release|x64.Build.0 = Release|Any CPU
		{0EF53078-2782-485E-A6A5-8A8B928B9ADC}.Release|x86.ActiveCfg = Release|Any CPU
		{0EF53078-2782-485E-A6A5-8A8B928B9ADC}.Release|x86.Build.0 = Release|Any CPU
		{D1033602-0D6B-4020-9DB8-095D686703BB}.Debug|Any CPU.ActiveCfg = Debug|Any CPU
		{D1033602-0D6B-4020-9DB8-095D686703BB}.Debug|Any CPU.Build.0 = Debug|Any CPU
		{D1033602-0D6B-4020-9DB8-095D686703BB}.Debug|x64.ActiveCfg = Debug|Any CPU
		{D1033602-0D6B-4020-9DB8-095D686703BB}.Debug|x64.Build.0 = Debug|Any CPU
		{D1033602-0D6B-4020-9DB8-095D686703BB}.Debug|x86.ActiveCfg = Debug|Any CPU
		{D1033602-0D6B-4020-9DB8-095D686703BB}.Debug|x86.Build.0 = Debug|Any CPU
		{D1033602-0D6B-4020-9DB8-095D686703BB}.Release|Any CPU.ActiveCfg = Release|Any CPU
		{D1033602-0D6B-4020-9DB8-095D686703BB}.Release|Any CPU.Build.0 = Release|Any CPU
		{D1033602-0D6B-4020-9DB8-095D686703BB}.Release|x64.ActiveCfg = Release|Any CPU
		{D1033602-0D6B-4020-9DB8-095D686703BB}.Release|x64.Build.0 = Release|Any CPU
		{D1033602-0D6B-4020-9DB8-095D686703BB}.Release|x86.ActiveCfg = Release|Any CPU
		{D1033602-0D6B-4020-9DB8-095D686703BB}.Release|x86.Build.0 = Release|Any CPU
		{447381FD-DF9E-415C-AC8C-9035358E5F0E}.Debug|Any CPU.ActiveCfg = Debug|Any CPU
		{447381FD-DF9E-415C-AC8C-9035358E5F0E}.Debug|Any CPU.Build.0 = Debug|Any CPU
		{447381FD-DF9E-415C-AC8C-9035358E5F0E}.Debug|x64.ActiveCfg = Debug|Any CPU
		{447381FD-DF9E-415C-AC8C-9035358E5F0E}.Debug|x64.Build.0 = Debug|Any CPU
		{447381FD-DF9E-415C-AC8C-9035358E5F0E}.Debug|x86.ActiveCfg = Debug|Any CPU
		{447381FD-DF9E-415C-AC8C-9035358E5F0E}.Debug|x86.Build.0 = Debug|Any CPU
		{447381FD-DF9E-415C-AC8C-9035358E5F0E}.Release|Any CPU.ActiveCfg = Release|Any CPU
		{447381FD-DF9E-415C-AC8C-9035358E5F0E}.Release|Any CPU.Build.0 = Release|Any CPU
		{447381FD-DF9E-415C-AC8C-9035358E5F0E}.Release|x64.ActiveCfg = Release|Any CPU
		{447381FD-DF9E-415C-AC8C-9035358E5F0E}.Release|x64.Build.0 = Release|Any CPU
		{447381FD-DF9E-415C-AC8C-9035358E5F0E}.Release|x86.ActiveCfg = Release|Any CPU
		{447381FD-DF9E-415C-AC8C-9035358E5F0E}.Release|x86.Build.0 = Release|Any CPU
	EndGlobalSection
	GlobalSection(SolutionProperties) = preSolution
		HideSolutionNode = FALSE
	EndGlobalSection
	GlobalSection(NestedProjects) = preSolution
		{0AE2C097-1BFC-4F03-A72C-857D71CF7567} = {827E0CD3-B72D-47B6-A68D-7590B98EB39B}
		{965B134E-B4A7-4C12-B9CE-6C0D32D62652} = {66320409-64EC-F7C5-3DEF-65E7510DAAD1}
		{C8261D14-5A5A-4B1A-A257-B07262546B5D} = {0AB3BF05-4346-4AA6-1389-037BE0695223}
		{3828FCD0-0D1C-4458-AD8D-900BC1228260} = {827E0CD3-B72D-47B6-A68D-7590B98EB39B}
		{E040AC50-6F26-46C1-848C-1221671D608C} = {827E0CD3-B72D-47B6-A68D-7590B98EB39B}
		{6BA2F7D0-A388-47F7-80D5-C94B4DC54272} = {827E0CD3-B72D-47B6-A68D-7590B98EB39B}
		{EF0A9EE9-1E2E-424D-94DA-70C3D43E2705} = {827E0CD3-B72D-47B6-A68D-7590B98EB39B}
		{C1CCD894-A965-47C5-9A38-FEF35D7E64A6} = {827E0CD3-B72D-47B6-A68D-7590B98EB39B}
		{1E2D8668-7BBA-4640-92E7-7148CC5CFB84} = {827E0CD3-B72D-47B6-A68D-7590B98EB39B}
		{8737BBD5-E818-4CA8-B76B-487F4D5521BB} = {827E0CD3-B72D-47B6-A68D-7590B98EB39B}
		{F1B20C14-60DF-4BB9-8C36-B56215E7BDB8} = {B36A84DF-456D-A817-6EDD-3EC3E7F6E11F}
		{B2511CEC-E37D-4548-BB87-EA3DE297ADF0} = {B36A84DF-456D-A817-6EDD-3EC3E7F6E11F}
		{08F926C0-3F5D-DB3C-68E1-F13BB216E9B0} = {B36A84DF-456D-A817-6EDD-3EC3E7F6E11F}
		{0EF53078-2782-485E-A6A5-8A8B928B9ADC} = {08F926C0-3F5D-DB3C-68E1-F13BB216E9B0}
		{D1033602-0D6B-4020-9DB8-095D686703BB} = {827E0CD3-B72D-47B6-A68D-7590B98EB39B}
		{447381FD-DF9E-415C-AC8C-9035358E5F0E} = {B36A84DF-456D-A817-6EDD-3EC3E7F6E11F}
	EndGlobalSection
EndGlobal
